// !$*UTF8*$!
{
	archiveVersion = 1;
	classes = {
	};
	objectVersion = 46;
	objects = {

/* Begin PBXBuildFile section */
		AAE893381D5DD0AD00E32C82 /* main.m in Sources */ = {isa = PBXBuildFile; fileRef = AAE893371D5DD0AD00E32C82 /* main.m */; };
		AAE8933B1D5DD0AD00E32C82 /* AppDelegate.m in Sources */ = {isa = PBXBuildFile; fileRef = AAE8933A1D5DD0AD00E32C82 /* AppDelegate.m */; };
		AAE8933E1D5DD0AD00E32C82 /* ViewController.m in Sources */ = {isa = PBXBuildFile; fileRef = AAE8933D1D5DD0AD00E32C82 /* ViewController.m */; };
		AAE893411D5DD0AD00E32C82 /* Main.storyboard in Resources */ = {isa = PBXBuildFile; fileRef = AAE8933F1D5DD0AD00E32C82 /* Main.storyboard */; };
		AAE893431D5DD0AD00E32C82 /* Assets.xcassets in Resources */ = {isa = PBXBuildFile; fileRef = AAE893421D5DD0AD00E32C82 /* Assets.xcassets */; };
		AAE893461D5DD0AD00E32C82 /* LaunchScreen.storyboard in Resources */ = {isa = PBXBuildFile; fileRef = AAE893441D5DD0AD00E32C82 /* LaunchScreen.storyboard */; };
		AAE893511D5DD0AD00E32C82 /* XHP_TaoBaoProductionDetailTests.m in Sources */ = {isa = PBXBuildFile; fileRef = AAE893501D5DD0AD00E32C82 /* XHP_TaoBaoProductionDetailTests.m */; };
/* End PBXBuildFile section */

/* Begin PBXContainerItemProxy section */
		AAE8934D1D5DD0AD00E32C82 /* PBXContainerItemProxy */ = {
			isa = PBXContainerItemProxy;
			containerPortal = AAE8932B1D5DD0AD00E32C82 /* Project object */;
			proxyType = 1;
			remoteGlobalIDString = AAE893321D5DD0AD00E32C82;
			remoteInfo = XHP_TaoBaoProductionDetail;
		};
/* End PBXContainerItemProxy section */

/* Begin PBXFileReference section */
		AAE893331D5DD0AD00E32C82 /* XHP_TaoBaoProductionDetail.app */ = {isa = PBXFileReference; explicitFileType = wrapper.application; includeInIndex = 0; path = XHP_TaoBaoProductionDetail.app; sourceTree = BUILT_PRODUCTS_DIR; };
		AAE893371D5DD0AD00E32C82 /* main.m */ = {isa = PBXFileReference; lastKnownFileType = sourcecode.c.objc; path = main.m; sourceTree = "<group>"; };
		AAE893391D5DD0AD00E32C82 /* AppDelegate.h */ = {isa = PBXFileReference; lastKnownFileType = sourcecode.c.h; path = AppDelegate.h; sourceTree = "<group>"; };
		AAE8933A1D5DD0AD00E32C82 /* AppDelegate.m */ = {isa = PBXFileReference; lastKnownFileType = sourcecode.c.objc; path = AppDelegate.m; sourceTree = "<group>"; };
		AAE8933C1D5DD0AD00E32C82 /* ViewController.h */ = {isa = PBXFileReference; lastKnownFileType = sourcecode.c.h; path = ViewController.h; sourceTree = "<group>"; };
		AAE8933D1D5DD0AD00E32C82 /* ViewController.m */ = {isa = PBXFileReference; lastKnownFileType = sourcecode.c.objc; path = ViewController.m; sourceTree = "<group>"; };
		AAE893401D5DD0AD00E32C82 /* Base */ = {isa = PBXFileReference; lastKnownFileType = file.storyboard; name = Base; path = Base.lproj/Main.storyboard; sourceTree = "<group>"; };
		AAE893421D5DD0AD00E32C82 /* Assets.xcassets */ = {isa = PBXFileReference; lastKnownFileType = folder.assetcatalog; path = Assets.xcassets; sourceTree = "<group>"; };
		AAE893451D5DD0AD00E32C82 /* Base */ = {isa = PBXFileReference; lastKnownFileType = file.storyboard; name = Base; path = Base.lproj/LaunchScreen.storyboard; sourceTree = "<group>"; };
		AAE893471D5DD0AD00E32C82 /* Info.plist */ = {isa = PBXFileReference; lastKnownFileType = text.plist.xml; path = Info.plist; sourceTree = "<group>"; };
		AAE8934C1D5DD0AD00E32C82 /* XHP_TaoBaoProductionDetailTests.xctest */ = {isa = PBXFileReference; explicitFileType = wrapper.cfbundle; includeInIndex = 0; path = XHP_TaoBaoProductionDetailTests.xctest; sourceTree = BUILT_PRODUCTS_DIR; };
		AAE893501D5DD0AD00E32C82 /* XHP_TaoBaoProductionDetailTests.m */ = {isa = PBXFileReference; lastKnownFileType = sourcecode.c.objc; path = XHP_TaoBaoProductionDetailTests.m; sourceTree = "<group>"; };
		AAE893521D5DD0AD00E32C82 /* Info.plist */ = {isa = PBXFileReference; lastKnownFileType = text.plist.xml; path = Info.plist; sourceTree = "<group>"; };
/* End PBXFileReference section */

/* Begin PBXFrameworksBuildPhase section */
		AAE893301D5DD0AD00E32C82 /* Frameworks */ = {
			isa = PBXFrameworksBuildPhase;
			buildActionMask = 2147483647;
			files = (
			);
			runOnlyForDeploymentPostprocessing = 0;
		};
		AAE893491D5DD0AD00E32C82 /* Frameworks */ = {
			isa = PBXFrameworksBuildPhase;
			buildActionMask = 2147483647;
			files = (
			);
			runOnlyForDeploymentPostprocessing = 0;
		};
/* End PBXFrameworksBuildPhase section */

/* Begin PBXGroup section */
		AAE8932A1D5DD0AD00E32C82 = {
			isa = PBXGroup;
			children = (
				AAE893351D5DD0AD00E32C82 /* XHP_TaoBaoProductionDetail */,
				AAE8934F1D5DD0AD00E32C82 /* XHP_TaoBaoProductionDetailTests */,
				AAE893341D5DD0AD00E32C82 /* Products */,
			);
			sourceTree = "<group>";
		};
		AAE893341D5DD0AD00E32C82 /* Products */ = {
			isa = PBXGroup;
			children = (
				AAE893331D5DD0AD00E32C82 /* XHP_TaoBaoProductionDetail.app */,
				AAE8934C1D5DD0AD00E32C82 /* XHP_TaoBaoProductionDetailTests.xctest */,
			);
			name = Products;
			sourceTree = "<group>";
		};
		AAE893351D5DD0AD00E32C82 /* XHP_TaoBaoProductionDetail */ = {
			isa = PBXGroup;
			children = (
				AAE893391D5DD0AD00E32C82 /* AppDelegate.h */,
				AAE8933A1D5DD0AD00E32C82 /* AppDelegate.m */,
				AAE8933C1D5DD0AD00E32C82 /* ViewController.h */,
				AAE8933D1D5DD0AD00E32C82 /* ViewController.m */,
				AAE8933F1D5DD0AD00E32C82 /* Main.storyboard */,
				AAE893421D5DD0AD00E32C82 /* Assets.xcassets */,
				AAE893441D5DD0AD00E32C82 /* LaunchScreen.storyboard */,
				AAE893471D5DD0AD00E32C82 /* Info.plist */,
				AAE893361D5DD0AD00E32C82 /* Supporting Files */,
			);
			path = XHP_TaoBaoProductionDetail;
			sourceTree = "<group>";
		};
		AAE893361D5DD0AD00E32C82 /* Supporting Files */ = {
			isa = PBXGroup;
			children = (
				AAE893371D5DD0AD00E32C82 /* main.m */,
			);
			name = "Supporting Files";
			sourceTree = "<group>";
		};
		AAE8934F1D5DD0AD00E32C82 /* XHP_TaoBaoProductionDetailTests */ = {
			isa = PBXGroup;
			children = (
				AAE893501D5DD0AD00E32C82 /* XHP_TaoBaoProductionDetailTests.m */,
				AAE893521D5DD0AD00E32C82 /* Info.plist */,
			);
			path = XHP_TaoBaoProductionDetailTests;
			sourceTree = "<group>";
		};
/* End PBXGroup section */

/* Begin PBXNativeTarget section */
		AAE893321D5DD0AD00E32C82 /* XHP_TaoBaoProductionDetail */ = {
			isa = PBXNativeTarget;
			buildConfigurationList = AAE893551D5DD0AD00E32C82 /* Build configuration list for PBXNativeTarget "XHP_TaoBaoProductionDetail" */;
			buildPhases = (
				AAE8932F1D5DD0AD00E32C82 /* Sources */,
				AAE893301D5DD0AD00E32C82 /* Frameworks */,
				AAE893311D5DD0AD00E32C82 /* Resources */,
			);
			buildRules = (
			);
			dependencies = (
			);
			name = XHP_TaoBaoProductionDetail;
			productName = XHP_TaoBaoProductionDetail;
			productReference = AAE893331D5DD0AD00E32C82 /* XHP_TaoBaoProductionDetail.app */;
			productType = "com.apple.product-type.application";
		};
		AAE8934B1D5DD0AD00E32C82 /* XHP_TaoBaoProductionDetailTests */ = {
			isa = PBXNativeTarget;
			buildConfigurationList = AAE893581D5DD0AD00E32C82 /* Build configuration list for PBXNativeTarget "XHP_TaoBaoProductionDetailTests" */;
			buildPhases = (
				AAE893481D5DD0AD00E32C82 /* Sources */,
				AAE893491D5DD0AD00E32C82 /* Frameworks */,
				AAE8934A1D5DD0AD00E32C82 /* Resources */,
			);
			buildRules = (
			);
			dependencies = (
				AAE8934E1D5DD0AD00E32C82 /* PBXTargetDependency */,
			);
			name = XHP_TaoBaoProductionDetailTests;
			productName = XHP_TaoBaoProductionDetailTests;
			productReference = AAE8934C1D5DD0AD00E32C82 /* XHP_TaoBaoProductionDetailTests.xctest */;
			productType = "com.apple.product-type.bundle.unit-test";
		};
/* End PBXNativeTarget section */

/* Begin PBXProject section */
		AAE8932B1D5DD0AD00E32C82 /* Project object */ = {
			isa = PBXProject;
			attributes = {
				LastUpgradeCheck = 0730;
				ORGANIZATIONNAME = HaoHeHealth;
				TargetAttributes = {
					AAE893321D5DD0AD00E32C82 = {
						CreatedOnToolsVersion = 7.3.1;
					};
					AAE8934B1D5DD0AD00E32C82 = {
						CreatedOnToolsVersion = 7.3.1;
						TestTargetID = AAE893321D5DD0AD00E32C82;
					};
				};
			};
			buildConfigurationList = AAE8932E1D5DD0AD00E32C82 /* Build configuration list for PBXProject "XHP_TaoBaoProductionDetail" */;
			compatibilityVersion = "Xcode 3.2";
			developmentRegion = English;
			hasScannedForEncodings = 0;
			knownRegions = (
				en,
				Base,
			);
			mainGroup = AAE8932A1D5DD0AD00E32C82;
			productRefGroup = AAE893341D5DD0AD00E32C82 /* Products */;
			projectDirPath = "";
			projectRoot = "";
			targets = (
				AAE893321D5DD0AD00E32C82 /* XHP_TaoBaoProductionDetail */,
				AAE8934B1D5DD0AD00E32C82 /* XHP_TaoBaoProductionDetailTests */,
			);
		};
/* End PBXProject section */

/* Begin PBXResourcesBuildPhase section */
		AAE893311D5DD0AD00E32C82 /* Resources */ = {
			isa = PBXResourcesBuildPhase;
			buildActionMask = 2147483647;
			files = (
				AAE893461D5DD0AD00E32C82 /* LaunchScreen.storyboard in Resources */,
				AAE893431D5DD0AD00E32C82 /* Assets.xcassets in Resources */,
				AAE893411D5DD0AD00E32C82 /* Main.storyboard in Resources */,
			);
			runOnlyForDeploymentPostprocessing = 0;
		};
		AAE8934A1D5DD0AD00E32C82 /* Resources */ = {
			isa = PBXResourcesBuildPhase;
			buildActionMask = 2147483647;
			files = (
			);
			runOnlyForDeploymentPostprocessing = 0;
		};
/* End PBXResourcesBuildPhase section */

/* Begin PBXSourcesBuildPhase section */
		AAE8932F1D5DD0AD00E32C82 /* Sources */ = {
			isa = PBXSourcesBuildPhase;
			buildActionMask = 2147483647;
			files = (
				AAE8933E1D5DD0AD00E32C82 /* ViewController.m in Sources */,
				AAE8933B1D5DD0AD00E32C82 /* AppDelegate.m in Sources */,
				AAE893381D5DD0AD00E32C82 /* main.m in Sources */,
			);
			runOnlyForDeploymentPostprocessing = 0;
		};
		AAE893481D5DD0AD00E32C82 /* Sources */ = {
			isa = PBXSourcesBuildPhase;
			buildActionMask = 2147483647;
			files = (
				AAE893511D5DD0AD00E32C82 /* XHP_TaoBaoProductionDetailTests.m in Sources */,
			);
			runOnlyForDeploymentPostprocessing = 0;
		};
/* End PBXSourcesBuildPhase section */

/* Begin PBXTargetDependency section */
		AAE8934E1D5DD0AD00E32C82 /* PBXTargetDependency */ = {
			isa = PBXTargetDependency;
			target = AAE893321D5DD0AD00E32C82 /* XHP_TaoBaoProductionDetail */;
			targetProxy = AAE8934D1D5DD0AD00E32C82 /* PBXContainerItemProxy */;
		};
/* End PBXTargetDependency section */

/* Begin PBXVariantGroup section */
		AAE8933F1D5DD0AD00E32C82 /* Main.storyboard */ = {
			isa = PBXVariantGroup;
			children = (
				AAE893401D5DD0AD00E32C82 /* Base */,
			);
			name = Main.storyboard;
			sourceTree = "<group>";
		};
		AAE893441D5DD0AD00E32C82 /* LaunchScreen.storyboard */ = {
			isa = PBXVariantGroup;
			children = (
				AAE893451D5DD0AD00E32C82 /* Base */,
			);
			name = LaunchScreen.storyboard;
			sourceTree = "<group>";
		};
/* End PBXVariantGroup section */

/* Begin XCBuildConfiguration section */
		AAE893531D5DD0AD00E32C82 /* Debug */ = {
			isa = XCBuildConfiguration;
			buildSettings = {
				ALWAYS_SEARCH_USER_PATHS = NO;
				CLANG_ANALYZER_NONNULL = YES;
				CLANG_CXX_LANGUAGE_STANDARD = "gnu++0x";
				CLANG_CXX_LIBRARY = "libc++";
				CLANG_ENABLE_MODULES = YES;
				CLANG_ENABLE_OBJC_ARC = YES;
				CLANG_WARN_BOOL_CONVERSION = YES;
				CLANG_WARN_CONSTANT_CONVERSION = YES;
				CLANG_WARN_DIRECT_OBJC_ISA_USAGE = YES_ERROR;
				CLANG_WARN_EMPTY_BODY = YES;
				CLANG_WARN_ENUM_CONVERSION = YES;
				CLANG_WARN_INT_CONVERSION = YES;
				CLANG_WARN_OBJC_ROOT_CLASS = YES_ERROR;
				CLANG_WARN_UNREACHABLE_CODE = YES;
				CLANG_WARN__DUPLICATE_METHOD_MATCH = YES;
				"CODE_SIGN_IDENTITY[sdk=iphoneos*]" = "iPhone Developer";
				COPY_PHASE_STRIP = NO;
				DEBUG_INFORMATION_FORMAT = dwarf;
				ENABLE_STRICT_OBJC_MSGSEND = YES;
				ENABLE_TESTABILITY = YES;
				GCC_C_LANGUAGE_STANDARD = gnu99;
				GCC_DYNAMIC_NO_PIC = NO;
				GCC_NO_COMMON_BLOCKS = YES;
				GCC_OPTIMIZATION_LEVEL = 0;
				GCC_PREPROCESSOR_DEFINITIONS = (
					"DEBUG=1",
					"$(inherited)",
				);
				GCC_WARN_64_TO_32_BIT_CONVERSION = YES;
				GCC_WARN_ABOUT_RETURN_TYPE = YES_ERROR;
				GCC_WARN_UNDECLARED_SELECTOR = YES;
				GCC_WARN_UNINITIALIZED_AUTOS = YES_AGGRESSIVE;
				GCC_WARN_UNUSED_FUNCTION = YES;
				GCC_WARN_UNUSED_VARIABLE = YES;
				IPHONEOS_DEPLOYMENT_TARGET = 9.3;
				MTL_ENABLE_DEBUG_INFO = YES;
				ONLY_ACTIVE_ARCH = YES;
				SDKROOT = iphoneos;
				TARGETED_DEVICE_FAMILY = "1,2";
			};
			name = Debug;
		};
		AAE893541D5DD0AD00E32C82 /* Release */ = {
			isa = XCBuildConfiguration;
			buildSettings = {
				ALWAYS_SEARCH_USER_PATHS = NO;
				CLANG_ANALYZER_NONNULL = YES;
				CLANG_CXX_LANGUAGE_STANDARD = "gnu++0x";
				CLANG_CXX_LIBRARY = "libc++";
				CLANG_ENABLE_MODULES = YES;
				CLANG_ENABLE_OBJC_ARC = YES;
				CLANG_WARN_BOOL_CONVERSION = YES;
				CLANG_WARN_CONSTANT_CONVERSION = YES;
				CLANG_WARN_DIRECT_OBJC_ISA_USAGE = YES_ERROR;
				CLANG_WARN_EMPTY_BODY = YES;
				CLANG_WARN_ENUM_CONVERSION = YES;
				CLANG_WARN_INT_CONVERSION = YES;
				CLANG_WARN_OBJC_ROOT_CLASS = YES_ERROR;
				CLANG_WARN_UNREACHABLE_CODE = YES;
				CLANG_WARN__DUPLICATE_METHOD_MATCH = YES;
				"CODE_SIGN_IDENTITY[sdk=iphoneos*]" = "iPhone Developer";
				COPY_PHASE_STRIP = NO;
				DEBUG_INFORMATION_FORMAT = "dwarf-with-dsym";
				ENABLE_NS_ASSERTIONS = NO;
				ENABLE_STRICT_OBJC_MSGSEND = YES;
				GCC_C_LANGUAGE_STANDARD = gnu99;
				GCC_NO_COMMON_BLOCKS = YES;
				GCC_WARN_64_TO_32_BIT_CONVERSION = YES;
				GCC_WARN_ABOUT_RETURN_TYPE = YES_ERROR;
				GCC_WARN_UNDECLARED_SELECTOR = YES;
				GCC_WARN_UNINITIALIZED_AUTOS = YES_AGGRESSIVE;
				GCC_WARN_UNUSED_FUNCTION = YES;
				GCC_WARN_UNUSED_VARIABLE = YES;
				IPHONEOS_DEPLOYMENT_TARGET = 9.3;
				MTL_ENABLE_DEBUG_INFO = NO;
				SDKROOT = iphoneos;
				TARGETED_DEVICE_FAMILY = "1,2";
				VALIDATE_PRODUCT = YES;
			};
			name = Release;
		};
		AAE893561D5DD0AD00E32C82 /* Debug */ = {
			isa = XCBuildConfiguration;
			buildSettings = {
				ASSETCATALOG_COMPILER_APPICON_NAME = AppIcon;
				INFOPLIST_FILE = XHP_TaoBaoProductionDetail/Info.plist;
				LD_RUNPATH_SEARCH_PATHS = "$(inherited) @executable_path/Frameworks";
				PRODUCT_BUNDLE_IDENTIFIER = "com.haohehealth.XHP-TaoBaoProductionDetail";
				PRODUCT_NAME = "$(TARGET_NAME)";
			};
			name = Debug;
		};
		AAE893571D5DD0AD00E32C82 /* Release */ = {
			isa = XCBuildConfiguration;
			buildSettings = {
				ASSETCATALOG_COMPILER_APPICON_NAME = AppIcon;
				INFOPLIST_FILE = XHP_TaoBaoProductionDetail/Info.plist;
				LD_RUNPATH_SEARCH_PATHS = "$(inherited) @executable_path/Frameworks";
				PRODUCT_BUNDLE_IDENTIFIER = "com.haohehealth.XHP-TaoBaoProductionDetail";
				PRODUCT_NAME = "$(TARGET_NAME)";
			};
			name = Release;
		};
		AAE893591D5DD0AD00E32C82 /* Debug */ = {
			isa = XCBuildConfiguration;
			buildSettings = {
				BUNDLE_LOADER = "$(TEST_HOST)";
				INFOPLIST_FILE = XHP_TaoBaoProductionDetailTests/Info.plist;
				LD_RUNPATH_SEARCH_PATHS = "$(inherited) @executable_path/Frameworks @loader_path/Frameworks";
				PRODUCT_BUNDLE_IDENTIFIER = "com.haohehealth.XHP-TaoBaoProductionDetailTests";
				PRODUCT_NAME = "$(TARGET_NAME)";
				TEST_HOST = "$(BUILT_PRODUCTS_DIR)/XHP_TaoBaoProductionDetail.app/XHP_TaoBaoProductionDetail";
			};
			name = Debug;
		};
		AAE8935A1D5DD0AD00E32C82 /* Release */ = {
			isa = XCBuildConfiguration;
			buildSettings = {
				BUNDLE_LOADER = "$(TEST_HOST)";
				INFOPLIST_FILE = XHP_TaoBaoProductionDetailTests/Info.plist;
				LD_RUNPATH_SEARCH_PATHS = "$(inherited) @executable_path/Frameworks @loader_path/Frameworks";
				PRODUCT_BUNDLE_IDENTIFIER = "com.haohehealth.XHP-TaoBaoProductionDetailTests";
				PRODUCT_NAME = "$(TARGET_NAME)";
				TEST_HOST = "$(BUILT_PRODUCTS_DIR)/XHP_TaoBaoProductionDetail.app/XHP_TaoBaoProductionDetail";
			};
			name = Release;
		};
/* End XCBuildConfiguration section */

/* Begin XCConfigurationList section */
		AAE8932E1D5DD0AD00E32C82 /* Build configuration list for PBXProject "XHP_TaoBaoProductionDetail" */ = {
			isa = XCConfigurationList;
			buildConfigurations = (
				AAE893531D5DD0AD00E32C82 /* Debug */,
				AAE893541D5DD0AD00E32C82 /* Release */,
			);
			defaultConfigurationIsVisible = 0;
			defaultConfigurationName = Release;
		};
		AAE893551D5DD0AD00E32C82 /* Build configuration list for PBXNativeTarget "XHP_TaoBaoProductionDetail" */ = {
			isa = XCConfigurationList;
			buildConfigurations = (
				AAE893561D5DD0AD00E32C82 /* Debug */,
				AAE893571D5DD0AD00E32C82 /* Release */,
			);
			defaultConfigurationIsVisible = 0;
		};
		AAE893581D5DD0AD00E32C82 /* Build configuration list for PBXNativeTarget "XHP_TaoBaoProductionDetailTests" */ = {
			isa = XCConfigurationList;
			buildConfigurations = (
				AAE893591D5DD0AD00E32C82 /* Debug */,
				AAE8935A1D5DD0AD00E32C82 /* Release */,
			);
			defaultConfigurationIsVisible = 0;
		};
/* End XCConfigurationList section */
	};
	rootObject = AAE8932B1D5DD0AD00E32C82 /* Project object */;
}
